// !$*UTF8*$!
{
	archiveVersion = 1;
	classes = {
	};
	objectVersion = 56;
	objects = {

/* Begin PBXBuildFile section */
		E50ADEFA2C28A43A0059A176 /* frog-story.mp3 in Resources */ = {isa = PBXBuildFile; fileRef = E50ADEF92C28A43A0059A176 /* frog-story.mp3 */; };
		E50ADEFC2C28AD940059A176 /* choice-story.mp3 in Resources */ = {isa = PBXBuildFile; fileRef = E50ADEFB2C28AD940059A176 /* choice-story.mp3 */; };
		E50ADEFE2C28BBE00059A176 /* GrainView.swift in Sources */ = {isa = PBXBuildFile; fileRef = E50ADEFD2C28BBE00059A176 /* GrainView.swift */; };
		E50ADF012C28BE670059A176 /* CustomButtonView.swift in Sources */ = {isa = PBXBuildFile; fileRef = E50ADF002C28BE670059A176 /* CustomButtonView.swift */; };
		E50ADF032C28E0EC0059A176 /* CustomTextView.swift in Sources */ = {isa = PBXBuildFile; fileRef = E50ADF022C28E0EC0059A176 /* CustomTextView.swift */; };
		E5266CB22C18FA830009DCCD /* MusicPlayer.swift in Sources */ = {isa = PBXBuildFile; fileRef = E5266CB12C18FA830009DCCD /* MusicPlayer.swift */; };
		E5266CB42C18FB420009DCCD /* Clamp.swift in Sources */ = {isa = PBXBuildFile; fileRef = E5266CB32C18FB420009DCCD /* Clamp.swift */; };
		E5266CBC2C18FD5E0009DCCD /* ParticlesView.swift in Sources */ = {isa = PBXBuildFile; fileRef = E5266CB82C18FD5E0009DCCD /* ParticlesView.swift */; };
		E5266CBD2C18FD5E0009DCCD /* SunsetLumaView.swift in Sources */ = {isa = PBXBuildFile; fileRef = E5266CB92C18FD5E0009DCCD /* SunsetLumaView.swift */; };
		E5266CC22C18FF9C0009DCCD /* FooterView.swift in Sources */ = {isa = PBXBuildFile; fileRef = E5266CC12C18FF9C0009DCCD /* FooterView.swift */; };
		E5266CC42C1901D20009DCCD /* RandomColors.swift in Sources */ = {isa = PBXBuildFile; fileRef = E5266CC32C1901D20009DCCD /* RandomColors.swift */; };
		E5266CC62C1901E90009DCCD /* RandomNumber.swift in Sources */ = {isa = PBXBuildFile; fileRef = E5266CC52C1901E90009DCCD /* RandomNumber.swift */; };
		E52FAD7A2C1A3B5D00B6BE78 /* MenuView.swift in Sources */ = {isa = PBXBuildFile; fileRef = E52FAD792C1A3B5D00B6BE78 /* MenuView.swift */; };
		E52FAD7C2C1A3B8D00B6BE78 /* MenuGamesView.swift in Sources */ = {isa = PBXBuildFile; fileRef = E52FAD7B2C1A3B8D00B6BE78 /* MenuGamesView.swift */; };
		E52FAD7E2C1A3C5500B6BE78 /* MenuTitleView.swift in Sources */ = {isa = PBXBuildFile; fileRef = E52FAD7D2C1A3C5500B6BE78 /* MenuTitleView.swift */; };
		E52FAD832C1A4B3B00B6BE78 /* MenuAboutView.swift in Sources */ = {isa = PBXBuildFile; fileRef = E52FAD822C1A4B3B00B6BE78 /* MenuAboutView.swift */; };
		E52FAD852C1A4B4500B6BE78 /* MenuSettingsView.swift in Sources */ = {isa = PBXBuildFile; fileRef = E52FAD842C1A4B4500B6BE78 /* MenuSettingsView.swift */; };
		E52FBC7B2C236629007313A1 /* BirchForestView.swift in Sources */ = {isa = PBXBuildFile; fileRef = E52FBC7A2C236629007313A1 /* BirchForestView.swift */; };
		E52FBC7D2C23BF0A007313A1 /* BirchTreeView.swift in Sources */ = {isa = PBXBuildFile; fileRef = E52FBC7C2C23BF0A007313A1 /* BirchTreeView.swift */; };
		E52FBC7F2C23BF7F007313A1 /* BirchGrainView.swift in Sources */ = {isa = PBXBuildFile; fileRef = E52FBC7E2C23BF7F007313A1 /* BirchGrainView.swift */; };
		E52FBC812C23BF8D007313A1 /* BirchFoliageView.swift in Sources */ = {isa = PBXBuildFile; fileRef = E52FBC802C23BF8D007313A1 /* BirchFoliageView.swift */; };
		E52FBC852C23CB18007313A1 /* LakeView.swift in Sources */ = {isa = PBXBuildFile; fileRef = E52FBC842C23CB18007313A1 /* LakeView.swift */; };
		E52FBC882C23DAFA007313A1 /* DuckView.swift in Sources */ = {isa = PBXBuildFile; fileRef = E52FBC872C23DAFA007313A1 /* DuckView.swift */; };
		E530CA842C224D9E00A1BD08 /* whoosh-click-5.mp3 in Resources */ = {isa = PBXBuildFile; fileRef = E530CA7C2C224D9D00A1BD08 /* whoosh-click-5.mp3 */; };
		E530CA852C224D9E00A1BD08 /* whoosh-click-7.mp3 in Resources */ = {isa = PBXBuildFile; fileRef = E530CA7D2C224D9E00A1BD08 /* whoosh-click-7.mp3 */; };
		E530CA862C224D9E00A1BD08 /* whoosh-click-4.mp3 in Resources */ = {isa = PBXBuildFile; fileRef = E530CA7E2C224D9E00A1BD08 /* whoosh-click-4.mp3 */; };
		E530CA872C224D9E00A1BD08 /* whoosh-click-1.mp3 in Resources */ = {isa = PBXBuildFile; fileRef = E530CA7F2C224D9E00A1BD08 /* whoosh-click-1.mp3 */; };
		E530CA882C224D9E00A1BD08 /* whoosh-click-3.mp3 in Resources */ = {isa = PBXBuildFile; fileRef = E530CA802C224D9E00A1BD08 /* whoosh-click-3.mp3 */; };
		E530CA892C224D9E00A1BD08 /* whoosh-click-0.mp3 in Resources */ = {isa = PBXBuildFile; fileRef = E530CA812C224D9E00A1BD08 /* whoosh-click-0.mp3 */; };
		E530CA8A2C224D9E00A1BD08 /* whoosh-click-2.mp3 in Resources */ = {isa = PBXBuildFile; fileRef = E530CA822C224D9E00A1BD08 /* whoosh-click-2.mp3 */; };
		E530CA8B2C224D9E00A1BD08 /* whoosh-click-6.mp3 in Resources */ = {isa = PBXBuildFile; fileRef = E530CA832C224D9E00A1BD08 /* whoosh-click-6.mp3 */; };
		E56C3B5E2C28F64400A6322D /* MenuCreditsView.swift in Sources */ = {isa = PBXBuildFile; fileRef = E56C3B5D2C28F64400A6322D /* MenuCreditsView.swift */; };
		E59182642C19073D009F4C1A /* Palettes.swift in Sources */ = {isa = PBXBuildFile; fileRef = E59182632C19073D009F4C1A /* Palettes.swift */; };
		E591826F2C1914CC009F4C1A /* BrightnessView.swift in Sources */ = {isa = PBXBuildFile; fileRef = E591826E2C1914CC009F4C1A /* BrightnessView.swift */; };
		E5EA0C5B2C18DC1A00BC7077 /* Assets.xcassets in Resources */ = {isa = PBXBuildFile; fileRef = E5EA0C5A2C18DC1A00BC7077 /* Assets.xcassets */; };
		E5EA0C5E2C18DC1A00BC7077 /* Preview Assets.xcassets in Resources */ = {isa = PBXBuildFile; fileRef = E5EA0C5D2C18DC1A00BC7077 /* Preview Assets.xcassets */; };
		E5EA0C652C18DCEF00BC7077 /* GradientView.swift in Sources */ = {isa = PBXBuildFile; fileRef = E5EA0C642C18DCEF00BC7077 /* GradientView.swift */; };
		E5EA0C6D2C18DD8D00BC7077 /* MyApp.swift in Sources */ = {isa = PBXBuildFile; fileRef = E5EA0C682C18DD8D00BC7077 /* MyApp.swift */; };
		E5FDCE072C1A0AB500F6C5F2 /* DarkroomFocusView.swift in Sources */ = {isa = PBXBuildFile; fileRef = E5FDCE062C1A0AB500F6C5F2 /* DarkroomFocusView.swift */; };
/* End PBXBuildFile section */

/* Begin PBXFileReference section */
		E50ADEF92C28A43A0059A176 /* frog-story.mp3 */ = {isa = PBXFileReference; lastKnownFileType = audio.mp3; path = "frog-story.mp3"; sourceTree = "<group>"; };
		E50ADEFB2C28AD940059A176 /* choice-story.mp3 */ = {isa = PBXFileReference; lastKnownFileType = audio.mp3; path = "choice-story.mp3"; sourceTree = "<group>"; };
		E50ADEFD2C28BBE00059A176 /* GrainView.swift */ = {isa = PBXFileReference; lastKnownFileType = sourcecode.swift; path = GrainView.swift; sourceTree = "<group>"; };
		E50ADF002C28BE670059A176 /* CustomButtonView.swift */ = {isa = PBXFileReference; lastKnownFileType = sourcecode.swift; path = CustomButtonView.swift; sourceTree = "<group>"; };
		E50ADF022C28E0EC0059A176 /* CustomTextView.swift */ = {isa = PBXFileReference; lastKnownFileType = sourcecode.swift; path = CustomTextView.swift; sourceTree = "<group>"; };
		E5266CB12C18FA830009DCCD /* MusicPlayer.swift */ = {isa = PBXFileReference; lastKnownFileType = sourcecode.swift; path = MusicPlayer.swift; sourceTree = "<group>"; };
		E5266CB32C18FB420009DCCD /* Clamp.swift */ = {isa = PBXFileReference; fileEncoding = 4; lastKnownFileType = sourcecode.swift; path = Clamp.swift; sourceTree = "<group>"; };
		E5266CB82C18FD5E0009DCCD /* ParticlesView.swift */ = {isa = PBXFileReference; fileEncoding = 4; lastKnownFileType = sourcecode.swift; path = ParticlesView.swift; sourceTree = "<group>"; };
		E5266CB92C18FD5E0009DCCD /* SunsetLumaView.swift */ = {isa = PBXFileReference; fileEncoding = 4; lastKnownFileType = sourcecode.swift; path = SunsetLumaView.swift; sourceTree = "<group>"; };
		E5266CC12C18FF9C0009DCCD /* FooterView.swift */ = {isa = PBXFileReference; lastKnownFileType = sourcecode.swift; path = FooterView.swift; sourceTree = "<group>"; };
		E5266CC32C1901D20009DCCD /* RandomColors.swift */ = {isa = PBXFileReference; lastKnownFileType = sourcecode.swift; path = RandomColors.swift; sourceTree = "<group>"; };
		E5266CC52C1901E90009DCCD /* RandomNumber.swift */ = {isa = PBXFileReference; lastKnownFileType = sourcecode.swift; path = RandomNumber.swift; sourceTree = "<group>"; };
		E52FAD792C1A3B5D00B6BE78 /* MenuView.swift */ = {isa = PBXFileReference; lastKnownFileType = sourcecode.swift; path = MenuView.swift; sourceTree = "<group>"; };
		E52FAD7B2C1A3B8D00B6BE78 /* MenuGamesView.swift */ = {isa = PBXFileReference; lastKnownFileType = sourcecode.swift; path = MenuGamesView.swift; sourceTree = "<group>"; };
		E52FAD7D2C1A3C5500B6BE78 /* MenuTitleView.swift */ = {isa = PBXFileReference; lastKnownFileType = sourcecode.swift; path = MenuTitleView.swift; sourceTree = "<group>"; };
		E52FAD822C1A4B3B00B6BE78 /* MenuAboutView.swift */ = {isa = PBXFileReference; lastKnownFileType = sourcecode.swift; path = MenuAboutView.swift; sourceTree = "<group>"; };
		E52FAD842C1A4B4500B6BE78 /* MenuSettingsView.swift */ = {isa = PBXFileReference; lastKnownFileType = sourcecode.swift; path = MenuSettingsView.swift; sourceTree = "<group>"; };
		E52FBC7A2C236629007313A1 /* BirchForestView.swift */ = {isa = PBXFileReference; lastKnownFileType = sourcecode.swift; path = BirchForestView.swift; sourceTree = "<group>"; };
		E52FBC7C2C23BF0A007313A1 /* BirchTreeView.swift */ = {isa = PBXFileReference; lastKnownFileType = sourcecode.swift; path = BirchTreeView.swift; sourceTree = "<group>"; };
		E52FBC7E2C23BF7F007313A1 /* BirchGrainView.swift */ = {isa = PBXFileReference; lastKnownFileType = sourcecode.swift; path = BirchGrainView.swift; sourceTree = "<group>"; };
		E52FBC802C23BF8D007313A1 /* BirchFoliageView.swift */ = {isa = PBXFileReference; lastKnownFileType = sourcecode.swift; path = BirchFoliageView.swift; sourceTree = "<group>"; };
		E52FBC842C23CB18007313A1 /* LakeView.swift */ = {isa = PBXFileReference; lastKnownFileType = sourcecode.swift; path = LakeView.swift; sourceTree = "<group>"; };
		E52FBC872C23DAFA007313A1 /* DuckView.swift */ = {isa = PBXFileReference; lastKnownFileType = sourcecode.swift; path = DuckView.swift; sourceTree = "<group>"; };
		E530CA7C2C224D9D00A1BD08 /* whoosh-click-5.mp3 */ = {isa = PBXFileReference; lastKnownFileType = audio.mp3; path = "whoosh-click-5.mp3"; sourceTree = "<group>"; };
		E530CA7D2C224D9E00A1BD08 /* whoosh-click-7.mp3 */ = {isa = PBXFileReference; lastKnownFileType = audio.mp3; path = "whoosh-click-7.mp3"; sourceTree = "<group>"; };
		E530CA7E2C224D9E00A1BD08 /* whoosh-click-4.mp3 */ = {isa = PBXFileReference; lastKnownFileType = audio.mp3; path = "whoosh-click-4.mp3"; sourceTree = "<group>"; };
		E530CA7F2C224D9E00A1BD08 /* whoosh-click-1.mp3 */ = {isa = PBXFileReference; lastKnownFileType = audio.mp3; path = "whoosh-click-1.mp3"; sourceTree = "<group>"; };
		E530CA802C224D9E00A1BD08 /* whoosh-click-3.mp3 */ = {isa = PBXFileReference; lastKnownFileType = audio.mp3; path = "whoosh-click-3.mp3"; sourceTree = "<group>"; };
		E530CA812C224D9E00A1BD08 /* whoosh-click-0.mp3 */ = {isa = PBXFileReference; lastKnownFileType = audio.mp3; path = "whoosh-click-0.mp3"; sourceTree = "<group>"; };
		E530CA822C224D9E00A1BD08 /* whoosh-click-2.mp3 */ = {isa = PBXFileReference; lastKnownFileType = audio.mp3; path = "whoosh-click-2.mp3"; sourceTree = "<group>"; };
		E530CA832C224D9E00A1BD08 /* whoosh-click-6.mp3 */ = {isa = PBXFileReference; lastKnownFileType = audio.mp3; path = "whoosh-click-6.mp3"; sourceTree = "<group>"; };
		E56C3B5D2C28F64400A6322D /* MenuCreditsView.swift */ = {isa = PBXFileReference; lastKnownFileType = sourcecode.swift; path = MenuCreditsView.swift; sourceTree = "<group>"; };
		E59182632C19073D009F4C1A /* Palettes.swift */ = {isa = PBXFileReference; lastKnownFileType = sourcecode.swift; path = Palettes.swift; sourceTree = "<group>"; };
		E591826E2C1914CC009F4C1A /* BrightnessView.swift */ = {isa = PBXFileReference; lastKnownFileType = sourcecode.swift; path = BrightnessView.swift; sourceTree = "<group>"; };
		E5EA0C532C18DC1800BC7077 /* overstimulated.app */ = {isa = PBXFileReference; explicitFileType = wrapper.application; includeInIndex = 0; path = overstimulated.app; sourceTree = BUILT_PRODUCTS_DIR; };
		E5EA0C5A2C18DC1A00BC7077 /* Assets.xcassets */ = {isa = PBXFileReference; lastKnownFileType = folder.assetcatalog; path = Assets.xcassets; sourceTree = "<group>"; };
		E5EA0C5D2C18DC1A00BC7077 /* Preview Assets.xcassets */ = {isa = PBXFileReference; lastKnownFileType = folder.assetcatalog; path = "Preview Assets.xcassets"; sourceTree = "<group>"; };
		E5EA0C642C18DCEF00BC7077 /* GradientView.swift */ = {isa = PBXFileReference; fileEncoding = 4; lastKnownFileType = sourcecode.swift; path = GradientView.swift; sourceTree = "<group>"; };
		E5EA0C682C18DD8D00BC7077 /* MyApp.swift */ = {isa = PBXFileReference; fileEncoding = 4; lastKnownFileType = sourcecode.swift; path = MyApp.swift; sourceTree = "<group>"; };
		E5FDCE062C1A0AB500F6C5F2 /* DarkroomFocusView.swift */ = {isa = PBXFileReference; lastKnownFileType = sourcecode.swift; path = DarkroomFocusView.swift; sourceTree = "<group>"; };
/* End PBXFileReference section */

/* Begin PBXFrameworksBuildPhase section */
		E5EA0C502C18DC1800BC7077 /* Frameworks */ = {
			isa = PBXFrameworksBuildPhase;
			buildActionMask = 2147483647;
			files = (
			);
			runOnlyForDeploymentPostprocessing = 0;
		};
/* End PBXFrameworksBuildPhase section */

/* Begin PBXGroup section */
		E50ADEF72C28A0870059A176 /* whoosh */ = {
			isa = PBXGroup;
			children = (
				E530CA812C224D9E00A1BD08 /* whoosh-click-0.mp3 */,
				E530CA7F2C224D9E00A1BD08 /* whoosh-click-1.mp3 */,
				E530CA822C224D9E00A1BD08 /* whoosh-click-2.mp3 */,
				E530CA802C224D9E00A1BD08 /* whoosh-click-3.mp3 */,
				E530CA7E2C224D9E00A1BD08 /* whoosh-click-4.mp3 */,
				E530CA7C2C224D9D00A1BD08 /* whoosh-click-5.mp3 */,
				E530CA832C224D9E00A1BD08 /* whoosh-click-6.mp3 */,
				E530CA7D2C224D9E00A1BD08 /* whoosh-click-7.mp3 */,
			);
			path = whoosh;
			sourceTree = "<group>";
		};
		E50ADEF82C28A4310059A176 /* stories */ = {
			isa = PBXGroup;
			children = (
				E50ADEFB2C28AD940059A176 /* choice-story.mp3 */,
				E50ADEF92C28A43A0059A176 /* frog-story.mp3 */,
			);
			path = stories;
			sourceTree = "<group>";
		};
		E50ADEFF2C28BE5E0059A176 /* UI */ = {
			isa = PBXGroup;
			children = (
				E50ADF002C28BE670059A176 /* CustomButtonView.swift */,
				E50ADF022C28E0EC0059A176 /* CustomTextView.swift */,
			);
			path = UI;
			sourceTree = "<group>";
		};
		E5266CB52C18FBCD0009DCCD /* Views */ = {
			isa = PBXGroup;
			children = (
				E52FAD7F2C1A409D00B6BE78 /* Games */,
				E59182662C190BC3009F4C1A /* System */,
			);
			path = Views;
			sourceTree = "<group>";
		};
		E5266CB62C18FBEC0009DCCD /* Classes and Utilities */ = {
			isa = PBXGroup;
			children = (
				E59182652C190880009F4C1A /* Numbers */,
				E59182622C19072E009F4C1A /* Colors */,
				E5266CB12C18FA830009DCCD /* MusicPlayer.swift */,
			);
			path = "Classes and Utilities";
			sourceTree = "<group>";
		};
		E52FAD782C1A3B4200B6BE78 /* Menu */ = {
			isa = PBXGroup;
			children = (
				E52FAD792C1A3B5D00B6BE78 /* MenuView.swift */,
				E52FAD7B2C1A3B8D00B6BE78 /* MenuGamesView.swift */,
				E52FAD7D2C1A3C5500B6BE78 /* MenuTitleView.swift */,
				E52FAD822C1A4B3B00B6BE78 /* MenuAboutView.swift */,
				E52FAD842C1A4B4500B6BE78 /* MenuSettingsView.swift */,
				E50ADEFD2C28BBE00059A176 /* GrainView.swift */,
				E56C3B5D2C28F64400A6322D /* MenuCreditsView.swift */,
			);
			path = Menu;
			sourceTree = "<group>";
		};
		E52FAD7F2C1A409D00B6BE78 /* Games */ = {
			isa = PBXGroup;
			children = (
				E52FBC792C236615007313A1 /* BirchForest */,
				E52FAD812C1A40BC00B6BE78 /* DarkroomFocus */,
				E52FAD802C1A40A600B6BE78 /* SunsetLuma */,
			);
			path = Games;
			sourceTree = "<group>";
		};
		E52FAD802C1A40A600B6BE78 /* SunsetLuma */ = {
			isa = PBXGroup;
			children = (
				E5266CB82C18FD5E0009DCCD /* ParticlesView.swift */,
				E5266CB92C18FD5E0009DCCD /* SunsetLumaView.swift */,
				E5EA0C642C18DCEF00BC7077 /* GradientView.swift */,
			);
			path = SunsetLuma;
			sourceTree = "<group>";
		};
		E52FAD812C1A40BC00B6BE78 /* DarkroomFocus */ = {
			isa = PBXGroup;
			children = (
				E5FDCE062C1A0AB500F6C5F2 /* DarkroomFocusView.swift */,
			);
			path = DarkroomFocus;
			sourceTree = "<group>";
		};
		E52FBC792C236615007313A1 /* BirchForest */ = {
			isa = PBXGroup;
			children = (
				E52FBC862C23DAEB007313A1 /* Animals */,
				E52FBC832C23CB0F007313A1 /* Lake */,
				E52FBC822C23C093007313A1 /* BirchTree */,
				E52FBC7A2C236629007313A1 /* BirchForestView.swift */,
			);
			path = BirchForest;
			sourceTree = "<group>";
		};
		E52FBC822C23C093007313A1 /* BirchTree */ = {
			isa = PBXGroup;
			children = (
				E52FBC7C2C23BF0A007313A1 /* BirchTreeView.swift */,
				E52FBC7E2C23BF7F007313A1 /* BirchGrainView.swift */,
				E52FBC802C23BF8D007313A1 /* BirchFoliageView.swift */,
			);
			path = BirchTree;
			sourceTree = "<group>";
		};
		E52FBC832C23CB0F007313A1 /* Lake */ = {
			isa = PBXGroup;
			children = (
				E52FBC842C23CB18007313A1 /* LakeView.swift */,
			);
			path = Lake;
			sourceTree = "<group>";
		};
		E52FBC862C23DAEB007313A1 /* Animals */ = {
			isa = PBXGroup;
			children = (
				E52FBC872C23DAFA007313A1 /* DuckView.swift */,
			);
			path = Animals;
			sourceTree = "<group>";
		};
		E530CA792C224B8E00A1BD08 /* sounds */ = {
			isa = PBXGroup;
			children = (
				E50ADEF82C28A4310059A176 /* stories */,
				E50ADEF72C28A0870059A176 /* whoosh */,
			);
			path = sounds;
			sourceTree = "<group>";
		};
		E59182622C19072E009F4C1A /* Colors */ = {
			isa = PBXGroup;
			children = (
				E5266CC32C1901D20009DCCD /* RandomColors.swift */,
				E59182632C19073D009F4C1A /* Palettes.swift */,
			);
			path = Colors;
			sourceTree = "<group>";
		};
		E59182652C190880009F4C1A /* Numbers */ = {
			isa = PBXGroup;
			children = (
				E5266CC52C1901E90009DCCD /* RandomNumber.swift */,
				E5266CB32C18FB420009DCCD /* Clamp.swift */,
			);
			path = Numbers;
			sourceTree = "<group>";
		};
		E59182662C190BC3009F4C1A /* System */ = {
			isa = PBXGroup;
			children = (
				E50ADEFF2C28BE5E0059A176 /* UI */,
				E52FAD782C1A3B4200B6BE78 /* Menu */,
				E59182702C1916B3009F4C1A /* Children */,
				E591826E2C1914CC009F4C1A /* BrightnessView.swift */,
			);
			path = System;
			sourceTree = "<group>";
		};
		E59182702C1916B3009F4C1A /* Children */ = {
			isa = PBXGroup;
			children = (
				E5266CC12C18FF9C0009DCCD /* FooterView.swift */,
			);
			path = Children;
			sourceTree = "<group>";
		};
		E5EA0C4A2C18DC1800BC7077 = {
			isa = PBXGroup;
			children = (
				E530CA792C224B8E00A1BD08 /* sounds */,
				E5EA0C552C18DC1800BC7077 /* overstimulated */,
				E5EA0C542C18DC1800BC7077 /* Products */,
			);
			sourceTree = "<group>";
		};
		E5EA0C542C18DC1800BC7077 /* Products */ = {
			isa = PBXGroup;
			children = (
				E5EA0C532C18DC1800BC7077 /* overstimulated.app */,
			);
			name = Products;
			sourceTree = "<group>";
		};
		E5EA0C552C18DC1800BC7077 /* overstimulated */ = {
			isa = PBXGroup;
			children = (
				E5266CB62C18FBEC0009DCCD /* Classes and Utilities */,
				E5266CB52C18FBCD0009DCCD /* Views */,
				E5EA0C5C2C18DC1A00BC7077 /* Preview Content */,
				E5EA0C5A2C18DC1A00BC7077 /* Assets.xcassets */,
				E5EA0C682C18DD8D00BC7077 /* MyApp.swift */,
			);
			path = overstimulated;
			sourceTree = "<group>";
		};
		E5EA0C5C2C18DC1A00BC7077 /* Preview Content */ = {
			isa = PBXGroup;
			children = (
				E5EA0C5D2C18DC1A00BC7077 /* Preview Assets.xcassets */,
			);
			path = "Preview Content";
			sourceTree = "<group>";
		};
/* End PBXGroup section */

/* Begin PBXNativeTarget section */
		E5EA0C522C18DC1800BC7077 /* overstimulated */ = {
			isa = PBXNativeTarget;
			buildConfigurationList = E5EA0C612C18DC1A00BC7077 /* Build configuration list for PBXNativeTarget "overstimulated" */;
			buildPhases = (
				E5EA0C4F2C18DC1800BC7077 /* Sources */,
				E5EA0C502C18DC1800BC7077 /* Frameworks */,
				E5EA0C512C18DC1800BC7077 /* Resources */,
			);
			buildRules = (
			);
			dependencies = (
			);
			name = overstimulated;
			packageProductDependencies = (
			);
			productName = overstimulated;
			productReference = E5EA0C532C18DC1800BC7077 /* overstimulated.app */;
			productType = "com.apple.product-type.application";
		};
/* End PBXNativeTarget section */

/* Begin PBXProject section */
		E5EA0C4B2C18DC1800BC7077 /* Project object */ = {
			isa = PBXProject;
			attributes = {
				BuildIndependentTargetsInParallel = 1;
				LastSwiftUpdateCheck = 1540;
				LastUpgradeCheck = 1540;
				TargetAttributes = {
					E5EA0C522C18DC1800BC7077 = {
						CreatedOnToolsVersion = 15.4;
					};
				};
			};
			buildConfigurationList = E5EA0C4E2C18DC1800BC7077 /* Build configuration list for PBXProject "overstimulated" */;
			compatibilityVersion = "Xcode 14.0";
			developmentRegion = en;
			hasScannedForEncodings = 0;
			knownRegions = (
				en,
				Base,
			);
			mainGroup = E5EA0C4A2C18DC1800BC7077;
			packageReferences = (
			);
			productRefGroup = E5EA0C542C18DC1800BC7077 /* Products */;
			projectDirPath = "";
			projectRoot = "";
			targets = (
				E5EA0C522C18DC1800BC7077 /* overstimulated */,
			);
		};
/* End PBXProject section */

/* Begin PBXResourcesBuildPhase section */
		E5EA0C512C18DC1800BC7077 /* Resources */ = {
			isa = PBXResourcesBuildPhase;
			buildActionMask = 2147483647;
			files = (
				E50ADEFA2C28A43A0059A176 /* frog-story.mp3 in Resources */,
				E530CA872C224D9E00A1BD08 /* whoosh-click-1.mp3 in Resources */,
				E530CA862C224D9E00A1BD08 /* whoosh-click-4.mp3 in Resources */,
				E530CA882C224D9E00A1BD08 /* whoosh-click-3.mp3 in Resources */,
				E530CA8B2C224D9E00A1BD08 /* whoosh-click-6.mp3 in Resources */,
				E530CA892C224D9E00A1BD08 /* whoosh-click-0.mp3 in Resources */,
				E530CA842C224D9E00A1BD08 /* whoosh-click-5.mp3 in Resources */,
				E5EA0C5E2C18DC1A00BC7077 /* Preview Assets.xcassets in Resources */,
				E530CA852C224D9E00A1BD08 /* whoosh-click-7.mp3 in Resources */,
				E530CA8A2C224D9E00A1BD08 /* whoosh-click-2.mp3 in Resources */,
				E5EA0C5B2C18DC1A00BC7077 /* Assets.xcassets in Resources */,
				E50ADEFC2C28AD940059A176 /* choice-story.mp3 in Resources */,
			);
			runOnlyForDeploymentPostprocessing = 0;
		};
/* End PBXResourcesBuildPhase section */

/* Begin PBXSourcesBuildPhase section */
		E5EA0C4F2C18DC1800BC7077 /* Sources */ = {
			isa = PBXSourcesBuildPhase;
			buildActionMask = 2147483647;
			files = (
				E50ADF032C28E0EC0059A176 /* CustomTextView.swift in Sources */,
				E52FBC7B2C236629007313A1 /* BirchForestView.swift in Sources */,
				E5EA0C652C18DCEF00BC7077 /* GradientView.swift in Sources */,
				E5EA0C6D2C18DD8D00BC7077 /* MyApp.swift in Sources */,
				E52FBC812C23BF8D007313A1 /* BirchFoliageView.swift in Sources */,
				E5266CC42C1901D20009DCCD /* RandomColors.swift in Sources */,
				E52FAD852C1A4B4500B6BE78 /* MenuSettingsView.swift in Sources */,
				E5FDCE072C1A0AB500F6C5F2 /* DarkroomFocusView.swift in Sources */,
				E5266CB42C18FB420009DCCD /* Clamp.swift in Sources */,
				E5266CC22C18FF9C0009DCCD /* FooterView.swift in Sources */,
				E5266CB22C18FA830009DCCD /* MusicPlayer.swift in Sources */,
				E52FAD7E2C1A3C5500B6BE78 /* MenuTitleView.swift in Sources */,
				E52FBC882C23DAFA007313A1 /* DuckView.swift in Sources */,
				E5266CBC2C18FD5E0009DCCD /* ParticlesView.swift in Sources */,
				E59182642C19073D009F4C1A /* Palettes.swift in Sources */,
				E50ADEFE2C28BBE00059A176 /* GrainView.swift in Sources */,
				E50ADF012C28BE670059A176 /* CustomButtonView.swift in Sources */,
				E52FAD832C1A4B3B00B6BE78 /* MenuAboutView.swift in Sources */,
				E56C3B5E2C28F64400A6322D /* MenuCreditsView.swift in Sources */,
				E52FBC852C23CB18007313A1 /* LakeView.swift in Sources */,
				E52FBC7D2C23BF0A007313A1 /* BirchTreeView.swift in Sources */,
				E52FAD7A2C1A3B5D00B6BE78 /* MenuView.swift in Sources */,
				E52FAD7C2C1A3B8D00B6BE78 /* MenuGamesView.swift in Sources */,
				E5266CBD2C18FD5E0009DCCD /* SunsetLumaView.swift in Sources */,
				E52FBC7F2C23BF7F007313A1 /* BirchGrainView.swift in Sources */,
				E591826F2C1914CC009F4C1A /* BrightnessView.swift in Sources */,
				E5266CC62C1901E90009DCCD /* RandomNumber.swift in Sources */,
			);
			runOnlyForDeploymentPostprocessing = 0;
		};
/* End PBXSourcesBuildPhase section */

/* Begin XCBuildConfiguration section */
		E5EA0C5F2C18DC1A00BC7077 /* Debug */ = {
			isa = XCBuildConfiguration;
			buildSettings = {
				ALWAYS_SEARCH_USER_PATHS = NO;
				ASSETCATALOG_COMPILER_GENERATE_SWIFT_ASSET_SYMBOL_EXTENSIONS = YES;
				CLANG_ANALYZER_NONNULL = YES;
				CLANG_ANALYZER_NUMBER_OBJECT_CONVERSION = YES_AGGRESSIVE;
				CLANG_CXX_LANGUAGE_STANDARD = "gnu++20";
				CLANG_ENABLE_MODULES = YES;
				CLANG_ENABLE_OBJC_ARC = YES;
				CLANG_ENABLE_OBJC_WEAK = YES;
				CLANG_WARN_BLOCK_CAPTURE_AUTORELEASING = YES;
				CLANG_WARN_BOOL_CONVERSION = YES;
				CLANG_WARN_COMMA = YES;
				CLANG_WARN_CONSTANT_CONVERSION = YES;
				CLANG_WARN_DEPRECATED_OBJC_IMPLEMENTATIONS = YES;
				CLANG_WARN_DIRECT_OBJC_ISA_USAGE = YES_ERROR;
				CLANG_WARN_DOCUMENTATION_COMMENTS = YES;
				CLANG_WARN_EMPTY_BODY = YES;
				CLANG_WARN_ENUM_CONVERSION = YES;
				CLANG_WARN_INFINITE_RECURSION = YES;
				CLANG_WARN_INT_CONVERSION = YES;
				CLANG_WARN_NON_LITERAL_NULL_CONVERSION = YES;
				CLANG_WARN_OBJC_IMPLICIT_RETAIN_SELF = YES;
				CLANG_WARN_OBJC_LITERAL_CONVERSION = YES;
				CLANG_WARN_OBJC_ROOT_CLASS = YES_ERROR;
				CLANG_WARN_QUOTED_INCLUDE_IN_FRAMEWORK_HEADER = YES;
				CLANG_WARN_RANGE_LOOP_ANALYSIS = YES;
				CLANG_WARN_STRICT_PROTOTYPES = YES;
				CLANG_WARN_SUSPICIOUS_MOVE = YES;
				CLANG_WARN_UNGUARDED_AVAILABILITY = YES_AGGRESSIVE;
				CLANG_WARN_UNREACHABLE_CODE = YES;
				CLANG_WARN__DUPLICATE_METHOD_MATCH = YES;
				COPY_PHASE_STRIP = NO;
				DEBUG_INFORMATION_FORMAT = dwarf;
				ENABLE_STRICT_OBJC_MSGSEND = YES;
				ENABLE_TESTABILITY = YES;
				ENABLE_USER_SCRIPT_SANDBOXING = YES;
				GCC_C_LANGUAGE_STANDARD = gnu17;
				GCC_DYNAMIC_NO_PIC = NO;
				GCC_NO_COMMON_BLOCKS = YES;
				GCC_OPTIMIZATION_LEVEL = 0;
				GCC_PREPROCESSOR_DEFINITIONS = (
					"DEBUG=1",
					"$(inherited)",
				);
				GCC_WARN_64_TO_32_BIT_CONVERSION = YES;
				GCC_WARN_ABOUT_RETURN_TYPE = YES_ERROR;
				GCC_WARN_UNDECLARED_SELECTOR = YES;
				GCC_WARN_UNINITIALIZED_AUTOS = YES_AGGRESSIVE;
				GCC_WARN_UNUSED_FUNCTION = YES;
				GCC_WARN_UNUSED_VARIABLE = YES;
				IPHONEOS_DEPLOYMENT_TARGET = 17.5;
				LOCALIZATION_PREFERS_STRING_CATALOGS = YES;
				MTL_ENABLE_DEBUG_INFO = INCLUDE_SOURCE;
				MTL_FAST_MATH = YES;
				ONLY_ACTIVE_ARCH = YES;
				OTHER_LDFLAGS = (
					"-Xlinker",
					"-interposable",
				);
				SDKROOT = iphoneos;
				SWIFT_ACTIVE_COMPILATION_CONDITIONS = "DEBUG $(inherited)";
				SWIFT_OPTIMIZATION_LEVEL = "-Onone";
			};
			name = Debug;
		};
		E5EA0C602C18DC1A00BC7077 /* Release */ = {
			isa = XCBuildConfiguration;
			buildSettings = {
				ALWAYS_SEARCH_USER_PATHS = NO;
				ASSETCATALOG_COMPILER_GENERATE_SWIFT_ASSET_SYMBOL_EXTENSIONS = YES;
				CLANG_ANALYZER_NONNULL = YES;
				CLANG_ANALYZER_NUMBER_OBJECT_CONVERSION = YES_AGGRESSIVE;
				CLANG_CXX_LANGUAGE_STANDARD = "gnu++20";
				CLANG_ENABLE_MODULES = YES;
				CLANG_ENABLE_OBJC_ARC = YES;
				CLANG_ENABLE_OBJC_WEAK = YES;
				CLANG_WARN_BLOCK_CAPTURE_AUTORELEASING = YES;
				CLANG_WARN_BOOL_CONVERSION = YES;
				CLANG_WARN_COMMA = YES;
				CLANG_WARN_CONSTANT_CONVERSION = YES;
				CLANG_WARN_DEPRECATED_OBJC_IMPLEMENTATIONS = YES;
				CLANG_WARN_DIRECT_OBJC_ISA_USAGE = YES_ERROR;
				CLANG_WARN_DOCUMENTATION_COMMENTS = YES;
				CLANG_WARN_EMPTY_BODY = YES;
				CLANG_WARN_ENUM_CONVERSION = YES;
				CLANG_WARN_INFINITE_RECURSION = YES;
				CLANG_WARN_INT_CONVERSION = YES;
				CLANG_WARN_NON_LITERAL_NULL_CONVERSION = YES;
				CLANG_WARN_OBJC_IMPLICIT_RETAIN_SELF = YES;
				CLANG_WARN_OBJC_LITERAL_CONVERSION = YES;
				CLANG_WARN_OBJC_ROOT_CLASS = YES_ERROR;
				CLANG_WARN_QUOTED_INCLUDE_IN_FRAMEWORK_HEADER = YES;
				CLANG_WARN_RANGE_LOOP_ANALYSIS = YES;
				CLANG_WARN_STRICT_PROTOTYPES = YES;
				CLANG_WARN_SUSPICIOUS_MOVE = YES;
				CLANG_WARN_UNGUARDED_AVAILABILITY = YES_AGGRESSIVE;
				CLANG_WARN_UNREACHABLE_CODE = YES;
				CLANG_WARN__DUPLICATE_METHOD_MATCH = YES;
				COPY_PHASE_STRIP = NO;
				DEBUG_INFORMATION_FORMAT = "dwarf-with-dsym";
				ENABLE_NS_ASSERTIONS = NO;
				ENABLE_STRICT_OBJC_MSGSEND = YES;
				ENABLE_USER_SCRIPT_SANDBOXING = YES;
				GCC_C_LANGUAGE_STANDARD = gnu17;
				GCC_NO_COMMON_BLOCKS = YES;
				GCC_WARN_64_TO_32_BIT_CONVERSION = YES;
				GCC_WARN_ABOUT_RETURN_TYPE = YES_ERROR;
				GCC_WARN_UNDECLARED_SELECTOR = YES;
				GCC_WARN_UNINITIALIZED_AUTOS = YES_AGGRESSIVE;
				GCC_WARN_UNUSED_FUNCTION = YES;
				GCC_WARN_UNUSED_VARIABLE = YES;
				IPHONEOS_DEPLOYMENT_TARGET = 17.5;
				LOCALIZATION_PREFERS_STRING_CATALOGS = YES;
				MTL_ENABLE_DEBUG_INFO = NO;
				MTL_FAST_MATH = YES;
				OTHER_LDFLAGS = (
					"-Xlinker",
					"-interposable",
				);
				SDKROOT = iphoneos;
				SWIFT_COMPILATION_MODE = wholemodule;
				VALIDATE_PRODUCT = YES;
			};
			name = Release;
		};
		E5EA0C622C18DC1A00BC7077 /* Debug */ = {
			isa = XCBuildConfiguration;
			buildSettings = {
				ASSETCATALOG_COMPILER_APPICON_NAME = AppIcon;
				ASSETCATALOG_COMPILER_GLOBAL_ACCENT_COLOR_NAME = AccentColor;
				CODE_SIGN_STYLE = Automatic;
				CURRENT_PROJECT_VERSION = 1;
				DEVELOPMENT_ASSET_PATHS = "\"overstimulated/Preview Content\"";
				DEVELOPMENT_TEAM = JT724P5MC2;
				ENABLE_PREVIEWS = YES;
				GENERATE_INFOPLIST_FILE = YES;
				INFOPLIST_KEY_CFBundleDisplayName = overstimulated;
				INFOPLIST_KEY_LSApplicationCategoryType = "public.app-category.healthcare-fitness";
				INFOPLIST_KEY_UIApplicationSceneManifest_Generation = YES;
				INFOPLIST_KEY_UIApplicationSupportsIndirectInputEvents = YES;
				INFOPLIST_KEY_UILaunchScreen_Generation = YES;
				INFOPLIST_KEY_UIRequiresFullScreen = YES;
				INFOPLIST_KEY_UIStatusBarHidden = YES;
				INFOPLIST_KEY_UIStatusBarStyle = UIStatusBarStyleDarkContent;
				INFOPLIST_KEY_UISupportedInterfaceOrientations = "UIInterfaceOrientationLandscapeLeft UIInterfaceOrientationLandscapeRight UIInterfaceOrientationPortrait UIInterfaceOrientationPortraitUpsideDown";
				LD_RUNPATH_SEARCH_PATHS = (
					"$(inherited)",
					"@executable_path/Frameworks",
				);
				MARKETING_VERSION = 1.0;
				PRODUCT_BUNDLE_IDENTIFIER = com.neontomo.overstimulated;
				PRODUCT_NAME = "$(TARGET_NAME)";
				SWIFT_EMIT_LOC_STRINGS = YES;
				SWIFT_VERSION = 5.0;
				TARGETED_DEVICE_FAMILY = "1,2";
			};
			name = Debug;
		};
		E5EA0C632C18DC1A00BC7077 /* Release */ = {
			isa = XCBuildConfiguration;
			buildSettings = {
				ASSETCATALOG_COMPILER_APPICON_NAME = AppIcon;
				ASSETCATALOG_COMPILER_GLOBAL_ACCENT_COLOR_NAME = AccentColor;
				CODE_SIGN_STYLE = Automatic;
				CURRENT_PROJECT_VERSION = 1;
				DEVELOPMENT_ASSET_PATHS = "\"overstimulated/Preview Content\"";
				DEVELOPMENT_TEAM = JT724P5MC2;
				ENABLE_PREVIEWS = YES;
				GENERATE_INFOPLIST_FILE = YES;
				INFOPLIST_KEY_CFBundleDisplayName = overstimulated;
				INFOPLIST_KEY_LSApplicationCategoryType = "public.app-category.healthcare-fitness";
				INFOPLIST_KEY_UIApplicationSceneManifest_Generation = YES;
				INFOPLIST_KEY_UIApplicationSupportsIndirectInputEvents = YES;
				INFOPLIST_KEY_UILaunchScreen_Generation = YES;
				INFOPLIST_KEY_UIRequiresFullScreen = YES;
				INFOPLIST_KEY_UIStatusBarHidden = YES;
				INFOPLIST_KEY_UIStatusBarStyle = UIStatusBarStyleDarkContent;
				INFOPLIST_KEY_UISupportedInterfaceOrientations = "UIInterfaceOrientationLandscapeLeft UIInterfaceOrientationLandscapeRight UIInterfaceOrientationPortrait UIInterfaceOrientationPortraitUpsideDown";
				LD_RUNPATH_SEARCH_PATHS = (
					"$(inherited)",
					"@executable_path/Frameworks",
				);
				MARKETING_VERSION = 1.0;
				PRODUCT_BUNDLE_IDENTIFIER = com.neontomo.overstimulated;
				PRODUCT_NAME = "$(TARGET_NAME)";
				SWIFT_EMIT_LOC_STRINGS = YES;
				SWIFT_VERSION = 5.0;
				TARGETED_DEVICE_FAMILY = "1,2";
			};
			name = Release;
		};
/* End XCBuildConfiguration section */

/* Begin XCConfigurationList section */
		E5EA0C4E2C18DC1800BC7077 /* Build configuration list for PBXProject "overstimulated" */ = {
			isa = XCConfigurationList;
			buildConfigurations = (
				E5EA0C5F2C18DC1A00BC7077 /* Debug */,
				E5EA0C602C18DC1A00BC7077 /* Release */,
			);
			defaultConfigurationIsVisible = 0;
			defaultConfigurationName = Release;
		};
		E5EA0C612C18DC1A00BC7077 /* Build configuration list for PBXNativeTarget "overstimulated" */ = {
			isa = XCConfigurationList;
			buildConfigurations = (
				E5EA0C622C18DC1A00BC7077 /* Debug */,
				E5EA0C632C18DC1A00BC7077 /* Release */,
			);
			defaultConfigurationIsVisible = 0;
			defaultConfigurationName = Release;
		};
/* End XCConfigurationList section */
	};
	rootObject = E5EA0C4B2C18DC1800BC7077 /* Project object */;
}
